
Microsoft Visual Studio Solution File, Format Version 12.00
# Visual Studio Version 17
VisualStudioVersion = 17.5.33516.290
MinimumVisualStudioVersion = 10.0.40219.1
Project("{9A19103F-16F7-4668-BE54-9A1E7A4F7556}") = "Collect.DataAccess", "Collect.DataAccess\Collect.DataAccess.csproj", "{B6FF8308-7F29-4440-83C5-A77E1DDC41CE}"
EndProject
Project("{9A19103F-16F7-4668-BE54-9A1E7A4F7556}") = "Collect.Domain", "Collect.Domain\Collect.Domain.csproj", "{CCC8865A-7103-4894-B7A3-B4FEEF790F48}"
EndProject
Project("{9A19103F-16F7-4668-BE54-9A1E7A4F7556}") = "Collect.Services", "Collect.Services\Collect.Services.csproj", "{0F46C4AB-D706-4E24-82B4-7DFEAE1F3FE8}"
EndProject
Project("{9A19103F-16F7-4668-BE54-9A1E7A4F7556}") = "Collect.Web", "Collect.Web\Collect.Web.csproj", "{7FCB42DE-AFB6-4106-A9ED-59EEF7F2457B}"
EndProject
Global
	GlobalSection(SolutionConfigurationPlatforms) = preSolution
		Debug|Any CPU = Debug|Any CPU
		Release|Any CPU = Release|Any CPU
	EndGlobalSection
	GlobalSection(ProjectConfigurationPlatforms) = postSolution
		{B6FF8308-7F29-4440-83C5-A77E1DDC41CE}.Debug|Any CPU.ActiveCfg = Debug|Any CPU
		{B6FF8308-7F29-4440-83C5-A77E1DDC41CE}.Debug|Any CPU.Build.0 = Debug|Any CPU
		{B6FF8308-7F29-4440-83C5-A77E1DDC41CE}.Release|Any CPU.ActiveCfg = Release|Any CPU
		{B6FF8308-7F29-4440-83C5-A77E1DDC41CE}.Release|Any CPU.Build.0 = Release|Any CPU
		{CCC8865A-7103-4894-B7A3-B4FEEF790F48}.Debug|Any CPU.ActiveCfg = Debug|Any CPU
		{CCC8865A-7103-4894-B7A3-B4FEEF790F48}.Debug|Any CPU.Build.0 = Debug|Any CPU
		{CCC8865A-7103-4894-B7A3-B4FEEF790F48}.Release|Any CPU.ActiveCfg = Release|Any CPU
		{CCC8865A-7103-4894-B7A3-B4FEEF790F48}.Release|Any CPU.Build.0 = Release|Any CPU
		{0F46C4AB-D706-4E24-82B4-7DFEAE1F3FE8}.Debug|Any CPU.ActiveCfg = Debug|Any CPU
		{0F46C4AB-D706-4E24-82B4-7DFEAE1F3FE8}.Debug|Any CPU.Build.0 = Debug|Any CPU
		{0F46C4AB-D706-4E24-82B4-7DFEAE1F3FE8}.Release|Any CPU.ActiveCfg = Release|Any CPU
		{0F46C4AB-D706-4E24-82B4-7DFEAE1F3FE8}.Release|Any CPU.Build.0 = Release|Any CPU
		{7FCB42DE-AFB6-4106-A9ED-59EEF7F2457B}.Debug|Any CPU.ActiveCfg = Debug|Any CPU
		{7FCB42DE-AFB6-4106-A9ED-59EEF7F2457B}.Debug|Any CPU.Build.0 = Debug|Any CPU
		{7FCB42DE-AFB6-4106-A9ED-59EEF7F2457B}.Release|Any CPU.ActiveCfg = Release|Any CPU
		{7FCB42DE-AFB6-4106-A9ED-59EEF7F2457B}.Release|Any CPU.Build.0 = Release|Any CPU
	EndGlobalSection
	GlobalSection(SolutionProperties) = preSolution
		HideSolutionNode = FALSE
	EndGlobalSection
	GlobalSection(ExtensibilityGlobals) = postSolution
		SolutionGuid = {5766B653-8250-40D1-BBF2-E1A7508BE9FD}
	EndGlobalSection
EndGlobal
